
Microsoft Visual Studio Solution File, Format Version 12.00
# Visual Studio 15
VisualStudioVersion = 15.0.28307.271
MinimumVisualStudioVersion = 10.0.40219.1
Project("{FAE04EC0-301F-11D3-BF4B-00C04F79EFBC}") = "Cisum", "Cisum\Cisum.csproj", "{41CDFFEA-94A6-4D92-931A-CEC04A078F3B}"
EndProject
Global
	GlobalSection(SolutionConfigurationPlatforms) = preSolution
		Debug|Any CPU = Debug|Any CPU
		Release|Any CPU = Release|Any CPU
	EndGlobalSection
	GlobalSection(ProjectConfigurationPlatforms) = postSolution
		{41CDFFEA-94A6-4D92-931A-CEC04A078F3B}.Debug|Any CPU.ActiveCfg = Debug|Any CPU
		{41CDFFEA-94A6-4D92-931A-CEC04A078F3B}.Debug|Any CPU.Build.0 = Debug|Any CPU
		{41CDFFEA-94A6-4D92-931A-CEC04A078F3B}.Release|Any CPU.ActiveCfg = Release|Any CPU
		{41CDFFEA-94A6-4D92-931A-CEC04A078F3B}.Release|Any CPU.Build.0 = Release|Any CPU
	EndGlobalSection
	GlobalSection(SolutionProperties) = preSolution
		HideSolutionNode = FALSE
	EndGlobalSection
	GlobalSection(ExtensibilityGlobals) = postSolution
		SolutionGuid = {A3D6D36B-D666-4C96-AF7F-D0A12B7D2A5C}
	EndGlobalSection
EndGlobal
